<?xml version="1.0" encoding="utf-8"?>
<Project ToolsVersion="15.0" xmlns="http://schemas.microsoft.com/developer/msbuild/2003">
  <ItemGroup>
    <Filter Include="Generated Files">
      <UniqueIdentifier>{926ab91d-31b4-48c3-b9a4-e681349f27f0}</UniqueIdentifier>
    </Filter>
    <Filter Include="TitleBar">
      <UniqueIdentifier>{62198455-857c-4f38-8e3d-77101b346e9d}</UniqueIdentifier>
    </Filter>
    <Filter Include="TitleBar\Strings">
      <UniqueIdentifier>{f8dc4d5d-6479-407d-aa1c-74bdd4f8f521}</UniqueIdentifier>
    </Filter>
  </ItemGroup>
  <ItemGroup>
    <ClInclude Include="pch.h" />
    <ClInclude Include="TitleBar\AppWindowTitleBar.h">
      <Filter>TitleBar</Filter>
    </ClInclude>
    <ClInclude Include="TitleBar\InputNonClientPointerSource.h">
      <Filter>TitleBar</Filter>
    </ClInclude>
    <ClInclude Include="TitleBar\TitleBar.h">
      <Filter>TitleBar</Filter>
    </ClInclude>
    <ClInclude Include="TitleBar\TitleBarAutomationPeer.h">
      <Filter>TitleBar</Filter>
    </ClInclude>
    <ClInclude Include="TitleBar\TitleBarTemplateSettings.h">
      <Filter>TitleBar</Filter>
    </ClInclude>
    <ClInclude Include="TitleBar\TitleBarTrace.h">
      <Filter>TitleBar</Filter>
    </ClInclude>
    <ClInclude Include="TitleBar\TitleBarWindowAdapter.h">
      <Filter>TitleBar</Filter>
    </ClInclude>
  </ItemGroup>
  <ItemGroup>
    <ClCompile Include="pch.cpp" />
    <ClCompile Include="$(GeneratedFilesDir)module.g.cpp">
      <Filter>Generated Files</Filter>
    </ClCompile>
    <ClCompile Include="TitleBar\AppWindowTitleBar.cpp">
      <Filter>TitleBar</Filter>
    </ClCompile>
    <ClCompile Include="TitleBar\InputNonClientPointerSource.cpp">
      <Filter>TitleBar</Filter>
    </ClCompile>
    <ClCompile Include="TitleBar\TitleBar.cpp">
      <Filter>TitleBar</Filter>
    </ClCompile>
    <ClCompile Include="TitleBar\TitleBarAutomationPeer.cpp">
      <Filter>TitleBar</Filter>
    </ClCompile>
    <ClCompile Include="TitleBar\TitleBarTemplateSettings.cpp">
      <Filter>TitleBar</Filter>
    </ClCompile>
    <ClCompile Include="TitleBar\TitleBarWindowAdapter.cpp">
      <Filter>TitleBar</Filter>
    </ClCompile>
  </ItemGroup>
  <ItemGroup>
    <Midl Include="TitleBar\TitleBar.idl">
      <Filter>TitleBar</Filter>
    </Midl>
  </ItemGroup>
  <ItemGroup>
    <Page Include="TitleBar\TitleBar.xaml">
      <Filter>TitleBar</Filter>
    </Page>
    <Page Include="TitleBar\TitleBar_themeresources.xaml">
      <Filter>TitleBar</Filter>
    </Page>
    <Page Include="TitleBar\TitleBar_themeresources_perf2026.xaml">
      <Filter>TitleBar</Filter>
    </Page>
  </ItemGroup>
  <ItemGroup>
    <PRIResource Include="TitleBar\Strings\en-us\Resources.resw">
      <Filter>TitleBar\Strings</Filter>
    </PRIResource>
    <PRIResource Include="TitleBar\Strings\zh-CN\Resources.resw">
      <Filter>TitleBar\Strings</Filter>
    </PRIResource>
  </ItemGroup>
  <ItemGroup>
    <None Include="Islands.UI.Xaml.Controls.def" />
    <None Include="packages.config" />
  </ItemGroup>
</Project>
