<?xml version="1.0" encoding="utf-8"?>
<Project ToolsVersion="15.0" xmlns="http://schemas.microsoft.com/developer/msbuild/2003">
  <ItemGroup>
    <Filter Include="Build">
      <UniqueIdentifier>{594291e2-e731-48b7-a4d4-56ebd19f1eda}</UniqueIdentifier>
    </Filter>
    <Filter Include="Generated">
      <UniqueIdentifier>{f89a4cc8-2be8-49ad-91b6-f259b3c25e38}</UniqueIdentifier>
    </Filter>
    <Filter Include="Public Headers">
      <UniqueIdentifier>{fb45f425-01fa-4b46-8565-98395248fb00}</UniqueIdentifier>
    </Filter>
  </ItemGroup>

  <ItemGroup>
    <ClInclude Include="pch.h">
      <Filter>Build</Filter>
    </ClInclude>
    <ClInclude Include="XamlTypeInfoActivationIncludes.h">
      <Filter>Generated</Filter>
    </ClInclude>
    <ClInclude Include="inc\AutoHandle.h">
      <Filter>Public Headers</Filter>
    </ClInclude>
    <ClInclude Include="inc\BoxHelpers.h">
      <Filter>Public Headers</Filter>
    </ClInclude>
    <ClInclude Include="inc\BuildMacros.h">
      <Filter>Public Headers</Filter>
    </ClInclude>
    <ClInclude Include="inc\CastHelpers.h">
      <Filter>Public Headers</Filter>
    </ClInclude>
    <ClInclude Include="inc\CollectionHelper.h">
      <Filter>Public Headers</Filter>
    </ClInclude>
    <ClInclude Include="inc\CommandingHelpers.h">
      <Filter>Public Headers</Filter>
    </ClInclude>
    <ClInclude Include="inc\common.h">
      <Filter>Public Headers</Filter>
    </ClInclude>
    <ClInclude Include="inc\CppWinRTHelpers.h">
      <Filter>Public Headers</Filter>
    </ClInclude>
    <ClInclude Include="inc\CppWinRTIncludes.h">
      <Filter>Public Headers</Filter>
    </ClInclude>
    <ClInclude Include="inc\DispatcherHelper.h">
      <Filter>Public Headers</Filter>
    </ClInclude>
    <ClInclude Include="inc\DoubleUtil.h">
      <Filter>Public Headers</Filter>
    </ClInclude>
    <ClInclude Include="inc\enum_array.h">
      <Filter>Public Headers</Filter>
    </ClInclude>
    <ClInclude Include="inc\enum_vector.h">
      <Filter>Public Headers</Filter>
    </ClInclude>
    <ClInclude Include="inc\ErrorHandling.h">
      <Filter>Public Headers</Filter>
    </ClInclude>
    <ClInclude Include="inc\event.h">
      <Filter>Public Headers</Filter>
    </ClInclude>
    <ClInclude Include="inc\FloatUtil.h">
      <Filter>Public Headers</Filter>
    </ClInclude>
    <ClInclude Include="inc\FocusHelper.h">
      <Filter>Public Headers</Filter>
    </ClInclude>
    <ClInclude Include="inc\GlobalDependencyProperty.h">
      <Filter>Public Headers</Filter>
    </ClInclude>
    <ClInclude Include="inc\RegUtil.h">
      <Filter>Public Headers</Filter>
    </ClInclude>
    <ClInclude Include="inc\RoutedEventHelpers.h">
      <Filter>Public Headers</Filter>
    </ClInclude>
    <ClInclude Include="inc\RuntimeClassHelpers.h">
      <Filter>Public Headers</Filter>
    </ClInclude>
    <ClInclude Include="inc\SharedHelpers.h">
      <Filter>Public Headers</Filter>
    </ClInclude>
    <ClInclude Include="inc\StaticAssertFalse.h">
      <Filter>Public Headers</Filter>
    </ClInclude>
    <ClInclude Include="inc\tracker_ref.h">
      <Filter>Public Headers</Filter>
    </ClInclude>
    <ClInclude Include="inc\WinEventLogLevels.h">
      <Filter>Public Headers</Filter>
    </ClInclude>
  </ItemGroup>

  <ItemGroup>
    <ClCompile Include="pch.cpp">
      <Filter>Build</Filter>
    </ClCompile>
    <ClCompile Include="IslandsXamlHelpers.cpp">
      <Filter>Build</Filter>
    </ClCompile>
    <ClCompile Include="IslandsSupport.cpp">
      <Filter>Build</Filter>
    </ClCompile>
    <ClCompile Include="$(GeneratedFilesDir)module.g.cpp">
      <Filter>Generated</Filter>
    </ClCompile>
  </ItemGroup>

  <ItemGroup>
    <None Include="Islands.UI.Xaml.def">
      <Filter>Build</Filter>
    </None>
    <None Include="PatchXamlTypeInfo.ps1">
      <Filter>Build</Filter>
    </None>
    <None Include="Build\ControlsResources.targets">
      <Filter>Build</Filter>
    </None>
    <None Include="Build\MergeControlsResources.ps1">
      <Filter>Build</Filter>
    </None>
  </ItemGroup>
</Project>
